# THIS IS AN AUTOGENERATED FILE. DO NOT EDIT THIS FILE DIRECTLY.
# yarn lockfile v1


"@types/node@^22.13.1":
  version "22.13.1"
  resolved "https://registry.yarnpkg.com/@types/node/-/node-22.13.1.tgz#a2a3fefbdeb7ba6b89f40371842162fac0934f33"
  integrity sha512-jK8uzQlrvXqEU91UxiK5J7pKHyzgnI1Qnl0QDHIgVGuolJhRb9EEl28Cj9b3rGR8B2lhFCtvIm5os8lFnO/1Ew==
  dependencies:
    undici-types "~6.20.0"

turbo-darwin-64@2.4.1:
  version "2.4.1"
  resolved "https://registry.yarnpkg.com/turbo-darwin-64/-/turbo-darwin-64-2.4.1.tgz#63b5a891facd31002d583e53cd358d6836abe0c2"
  integrity sha512-oos3Gz5N6ol2/7+ys0wPENhl7ZzeVKIumn2BR7X2oE5dEPxNPDMOpKBwreU9ToCxM94e+uFTzKgjcUJpBqpTHA==

turbo-darwin-arm64@2.4.1:
  version "2.4.1"
  resolved "https://registry.yarnpkg.com/turbo-darwin-arm64/-/turbo-darwin-arm64-2.4.1.tgz#ae94854cdc213a3d11ac060fc896585e922fe0ff"
  integrity sha512-NoIQsSSvCJDTShgX+v+doSP/g0kAhHhq5p2fpsEAlougs2wcQvwv/LndeqojzkHbxB39lOQmqBYHJcki46Q3oQ==

turbo-linux-64@2.4.1:
  version "2.4.1"
  resolved "https://registry.yarnpkg.com/turbo-linux-64/-/turbo-linux-64-2.4.1.tgz#5d8c81d30ff552393ac1b29197a81f80df8f6020"
  integrity sha512-iXIeG8YhluaJF/5KQEudRf8ECBWND8X0yxXDrFIq2wmLLCg4A7gSSzVcBq30rYYeyyU4xMj/sm3HbsAaao3jjg==

turbo-linux-arm64@2.4.1:
  version "2.4.1"
  resolved "https://registry.yarnpkg.com/turbo-linux-arm64/-/turbo-linux-arm64-2.4.1.tgz#7a6b2cc9f3b760e97d0412d1aa06b298c141a0f6"
  integrity sha512-jd5apBV7lBGn3CnkQN/hEMbwazNgZcrwLt6DIkWy/TSi5xfSQEqcR3k9HxviQ7hKMcr1Q1hN6FHWm8Vw90Ej4A==

turbo-windows-64@2.4.1:
  version "2.4.1"
  resolved "https://registry.yarnpkg.com/turbo-windows-64/-/turbo-windows-64-2.4.1.tgz#a005bafab616def5d0e89ea26a38da346e94590f"
  integrity sha512-4RYRAijohyQ7uetZY4SSikSgGccq+7tmnljdm/XezpK9t0+3gldKA2vHF0++yLZeZr+CFgqmBeGSFi7B+vhc2g==

turbo-windows-arm64@2.4.1:
  version "2.4.1"
  resolved "https://registry.yarnpkg.com/turbo-windows-arm64/-/turbo-windows-arm64-2.4.1.tgz#ea776cdf3e1a5ee9f1d9c89edad00fb2920ad546"
  integrity sha512-4lZB0+AxWB01Adx5xHZhO746FgaHR0T3qzEDF2nf/nx8LAUtN3iwaZQgAsTsblaAKjiM7lxWDI0s/Q3fektsPg==

turbo@^2.4.1:
  version "2.4.1"
  resolved "https://registry.yarnpkg.com/turbo/-/turbo-2.4.1.tgz#11a0c195e3eeeca35dea7858715fa56566f20b09"
  integrity sha512-XIIHXAhvD3sv34WLaN/969WTHCHYmm3zf0XQ+CrEP1A7ffIQG50cwNcp7Gh96CaGyjEXMh9odoHyggoZQ3Prvw==
  optionalDependencies:
    turbo-darwin-64 "2.4.1"
    turbo-darwin-arm64 "2.4.1"
    turbo-linux-64 "2.4.1"
    turbo-linux-arm64 "2.4.1"
    turbo-windows-64 "2.4.1"
    turbo-windows-arm64 "2.4.1"

undici-types@~6.20.0:
  version "6.20.0"
  resolved "https://registry.yarnpkg.com/undici-types/-/undici-types-6.20.0.tgz#8171bf22c1f588d1554d55bf204bc624af388433"
  integrity sha512-Ny6QZ2Nju20vw1SRHe3d9jVu6gJ+4e3+MMpqu7pqE5HT6WsTSlce++GQmK5UXS8mzV8DSYHrQH+Xrf2jVcuKNg==
